// !$*UTF8*$!
{
	archiveVersion = 1;
	classes = {
	};
	objectVersion = 56;
	objects = {

/* Begin PBXBuildFile section */
		3A1010012C00000100000001 /* HIDMIApp.swift in Sources */ = {isa = PBXBuildFile; fileRef = 3A1020012C00000100000001 /* HIDMIApp.swift */; };
		3A1010022C00000100000001 /* ContentView.swift in Sources */ = {isa = PBXBuildFile; fileRef = 3A1020022C00000100000001 /* ContentView.swift */; };
		3A1010032C00000100000001 /* AppModel.swift in Sources */ = {isa = PBXBuildFile; fileRef = 3A1020032C00000100000001 /* AppModel.swift */; };
		3A1010042C00000100000001 /* CaptureDeviceStore.swift in Sources */ = {isa = PBXBuildFile; fileRef = 3A1020042C00000100000001 /* CaptureDeviceStore.swift */; };
		3A1010052C00000100000001 /* CaptureSessionController.swift in Sources */ = {isa = PBXBuildFile; fileRef = 3A1020052C00000100000001 /* CaptureSessionController.swift */; };
		3A1010062C00000100000001 /* VideoPreviewView.swift in Sources */ = {isa = PBXBuildFile; fileRef = 3A1020062C00000100000001 /* VideoPreviewView.swift */; };
		3A1010072C00000100000001 /* WindowController.swift in Sources */ = {isa = PBXBuildFile; fileRef = 3A1020072C00000100000001 /* WindowController.swift */; };
		3A1010082C00000100000001 /* Localizable.strings in Resources */ = {isa = PBXBuildFile; fileRef = 3A1040042C00000100000001 /* Localizable.strings */; };
		3A1010092C00000100000001 /* InfoPlist.strings in Resources */ = {isa = PBXBuildFile; fileRef = 3A1040052C00000100000001 /* InfoPlist.strings */; };
		3A10100A2C00000100000001 /* HIDMIClient.swift in Sources */ = {isa = PBXBuildFile; fileRef = 3A1020152C00000100000001 /* HIDMIClient.swift */; };
		3A10100B2C00000100000001 /* HIDMIController.swift in Sources */ = {isa = PBXBuildFile; fileRef = 3A1020162C00000100000001 /* HIDMIController.swift */; };
		3A10100C2C00000100000001 /* RemoteInputMapper.swift in Sources */ = {isa = PBXBuildFile; fileRef = 3A1020172C00000100000001 /* RemoteInputMapper.swift */; };
		3A10100D2C00000100000001 /* HIDMITokenStore.swift in Sources */ = {isa = PBXBuildFile; fileRef = 3A1020182C00000100000001 /* HIDMITokenStore.swift */; };
		3A10100E2C00000100000001 /* HIDMIUITestSupport.swift in Sources */ = {isa = PBXBuildFile; fileRef = 3A1020192C00000100000001 /* HIDMIUITestSupport.swift */; };
		3A10100F2C00000100000001 /* HIDInputMenuController.swift in Sources */ = {isa = PBXBuildFile; fileRef = 3A1020202C00000100000001 /* HIDInputMenuController.swift */; };
		3A1010112C00000100000001 /* PreviewSizing.swift in Sources */ = {isa = PBXBuildFile; fileRef = 3A1020222C00000100000001 /* PreviewSizing.swift */; };
		3A1010122C00000100000001 /* ViewMenuController.swift in Sources */ = {isa = PBXBuildFile; fileRef = 3A1020232C00000100000001 /* ViewMenuController.swift */; };
		3A1010132C00000100000001 /* enum_ack_result.pb.swift in Sources */ = {isa = PBXBuildFile; fileRef = 3A1020242C00000100000001 /* enum_ack_result.pb.swift */; };
		3A1010142C00000100000001 /* SwiftProtobuf in Frameworks */ = {isa = PBXBuildFile; productRef = 3A1130012C00000100000001 /* SwiftProtobuf */; };
		3A1010152C00000100000001 /* enum_channel_id.pb.swift in Sources */ = {isa = PBXBuildFile; fileRef = 3A1020252C00000100000001 /* enum_channel_id.pb.swift */; };
		3A1010162C00000100000001 /* enum_error_severity.pb.swift in Sources */ = {isa = PBXBuildFile; fileRef = 3A1020262C00000100000001 /* enum_error_severity.pb.swift */; };
		3A1010172C00000100000001 /* enum_goodbye_reason.pb.swift in Sources */ = {isa = PBXBuildFile; fileRef = 3A1020272C00000100000001 /* enum_goodbye_reason.pb.swift */; };
		3A10102C2C00000100000001 /* enum_hid_status.pb.swift in Sources */ = {isa = PBXBuildFile; fileRef = 3A10203C2C00000100000001 /* enum_hid_status.pb.swift */; };
		3A1010182C00000100000001 /* enum_interface_type.pb.swift in Sources */ = {isa = PBXBuildFile; fileRef = 3A1020282C00000100000001 /* enum_interface_type.pb.swift */; };
		3A1010192C00000100000001 /* enum_keyboard_special_id.pb.swift in Sources */ = {isa = PBXBuildFile; fileRef = 3A1020292C00000100000001 /* enum_keyboard_special_id.pb.swift */; };
		3A10101A2C00000100000001 /* enum_offer_reject_reason.pb.swift in Sources */ = {isa = PBXBuildFile; fileRef = 3A10202A2C00000100000001 /* enum_offer_reject_reason.pb.swift */; };
		3A10101B2C00000100000001 /* msg_ack.pb.swift in Sources */ = {isa = PBXBuildFile; fileRef = 3A10202B2C00000100000001 /* msg_ack.pb.swift */; };
		3A10101C2C00000100000001 /* msg_channel_open.pb.swift in Sources */ = {isa = PBXBuildFile; fileRef = 3A10202C2C00000100000001 /* msg_channel_open.pb.swift */; };
		3A10101D2C00000100000001 /* msg_channel_ready.pb.swift in Sources */ = {isa = PBXBuildFile; fileRef = 3A10202D2C00000100000001 /* msg_channel_ready.pb.swift */; };
		3A10101E2C00000100000001 /* msg_discover.pb.swift in Sources */ = {isa = PBXBuildFile; fileRef = 3A10202E2C00000100000001 /* msg_discover.pb.swift */; };
		3A10101F2C00000100000001 /* msg_error.pb.swift in Sources */ = {isa = PBXBuildFile; fileRef = 3A10202F2C00000100000001 /* msg_error.pb.swift */; };
		3A1010202C00000100000001 /* msg_goodbye.pb.swift in Sources */ = {isa = PBXBuildFile; fileRef = 3A1020302C00000100000001 /* msg_goodbye.pb.swift */; };
		3A1010212C00000100000001 /* msg_goodbye_ack.pb.swift in Sources */ = {isa = PBXBuildFile; fileRef = 3A1020312C00000100000001 /* msg_goodbye_ack.pb.swift */; };
		3A1010222C00000100000001 /* msg_heartbeat.pb.swift in Sources */ = {isa = PBXBuildFile; fileRef = 3A1020322C00000100000001 /* msg_heartbeat.pb.swift */; };
		3A1010232C00000100000001 /* msg_heartbeat_ack.pb.swift in Sources */ = {isa = PBXBuildFile; fileRef = 3A1020332C00000100000001 /* msg_heartbeat_ack.pb.swift */; };
		3A1010242C00000100000001 /* msg_keyboard_special.pb.swift in Sources */ = {isa = PBXBuildFile; fileRef = 3A1020342C00000100000001 /* msg_keyboard_special.pb.swift */; };
		3A1010252C00000100000001 /* msg_keyboard_state.pb.swift in Sources */ = {isa = PBXBuildFile; fileRef = 3A1020352C00000100000001 /* msg_keyboard_state.pb.swift */; };
		3A1010262C00000100000001 /* msg_mouse_state.pb.swift in Sources */ = {isa = PBXBuildFile; fileRef = 3A1020362C00000100000001 /* msg_mouse_state.pb.swift */; };
		3A1010272C00000100000001 /* msg_offer.pb.swift in Sources */ = {isa = PBXBuildFile; fileRef = 3A1020372C00000100000001 /* msg_offer.pb.swift */; };
		3A1010282C00000100000001 /* msg_offer_callback.pb.swift in Sources */ = {isa = PBXBuildFile; fileRef = 3A1020382C00000100000001 /* msg_offer_callback.pb.swift */; };
		3A1010292C00000100000001 /* msg_release_all.pb.swift in Sources */ = {isa = PBXBuildFile; fileRef = 3A1020392C00000100000001 /* msg_release_all.pb.swift */; };
		3A10102A2C00000100000001 /* msg_tcp_frame.pb.swift in Sources */ = {isa = PBXBuildFile; fileRef = 3A10203A2C00000100000001 /* msg_tcp_frame.pb.swift */; };
		3A10102B2C00000100000001 /* msg_udp_packet.pb.swift in Sources */ = {isa = PBXBuildFile; fileRef = 3A10203B2C00000100000001 /* msg_udp_packet.pb.swift */; };
		3A1011002C00000100000001 /* HIDMIControllerTests.swift in Sources */ = {isa = PBXBuildFile; fileRef = 3A1021002C00000100000001 /* HIDMIControllerTests.swift */; };
/* End PBXBuildFile section */

/* Begin PBXContainerItemProxy section */
		3A1111002C00000100000001 /* PBXContainerItemProxy */ = {
			isa = PBXContainerItemProxy;
			containerPortal = 3A1080012C00000100000001 /* Project object */;
			proxyType = 1;
			remoteGlobalIDString = 3A1050012C00000100000001;
			remoteInfo = HIDMI;
		};
/* End PBXContainerItemProxy section */

/* Begin PBXFileReference section */
		3A1020012C00000100000001 /* HIDMIApp.swift */ = {isa = PBXFileReference; lastKnownFileType = sourcecode.swift; path = HIDMIApp.swift; sourceTree = "<group>"; };
		3A1020022C00000100000001 /* ContentView.swift */ = {isa = PBXFileReference; lastKnownFileType = sourcecode.swift; path = ContentView.swift; sourceTree = "<group>"; };
		3A1020032C00000100000001 /* AppModel.swift */ = {isa = PBXFileReference; lastKnownFileType = sourcecode.swift; path = AppModel.swift; sourceTree = "<group>"; };
		3A1020042C00000100000001 /* CaptureDeviceStore.swift */ = {isa = PBXFileReference; lastKnownFileType = sourcecode.swift; path = CaptureDeviceStore.swift; sourceTree = "<group>"; };
		3A1020052C00000100000001 /* CaptureSessionController.swift */ = {isa = PBXFileReference; lastKnownFileType = sourcecode.swift; path = CaptureSessionController.swift; sourceTree = "<group>"; };
		3A1020062C00000100000001 /* VideoPreviewView.swift */ = {isa = PBXFileReference; lastKnownFileType = sourcecode.swift; path = VideoPreviewView.swift; sourceTree = "<group>"; };
		3A1020072C00000100000001 /* WindowController.swift */ = {isa = PBXFileReference; lastKnownFileType = sourcecode.swift; path = WindowController.swift; sourceTree = "<group>"; };
		3A1020082C00000100000001 /* Info.plist */ = {isa = PBXFileReference; lastKnownFileType = text.plist.xml; path = Info.plist; sourceTree = "<group>"; };
		3A1020092C00000100000001 /* HIDMI.entitlements */ = {isa = PBXFileReference; lastKnownFileType = text.plist.entitlements; path = HIDMI.entitlements; sourceTree = "<group>"; };
		3A1020102C00000100000001 /* HIDMI.app */ = {isa = PBXFileReference; explicitFileType = wrapper.application; includeInIndex = 0; path = HIDMI.app; sourceTree = BUILT_PRODUCTS_DIR; };
		3A1020112C00000100000001 /* en */ = {isa = PBXFileReference; lastKnownFileType = text.plist.strings; name = en; path = en.lproj/Localizable.strings; sourceTree = "<group>"; };
		3A1020122C00000100000001 /* zh-Hans */ = {isa = PBXFileReference; lastKnownFileType = text.plist.strings; name = "zh-Hans"; path = "zh-Hans.lproj/Localizable.strings"; sourceTree = "<group>"; };
		3A1020132C00000100000001 /* en */ = {isa = PBXFileReference; lastKnownFileType = text.plist.strings; name = en; path = en.lproj/InfoPlist.strings; sourceTree = "<group>"; };
		3A1020142C00000100000001 /* zh-Hans */ = {isa = PBXFileReference; lastKnownFileType = text.plist.strings; name = "zh-Hans"; path = "zh-Hans.lproj/InfoPlist.strings"; sourceTree = "<group>"; };
		3A1020152C00000100000001 /* HIDMIClient.swift */ = {isa = PBXFileReference; lastKnownFileType = sourcecode.swift; path = HIDMIClient.swift; sourceTree = "<group>"; };
		3A1020162C00000100000001 /* HIDMIController.swift */ = {isa = PBXFileReference; lastKnownFileType = sourcecode.swift; path = HIDMIController.swift; sourceTree = "<group>"; };
		3A1020172C00000100000001 /* RemoteInputMapper.swift */ = {isa = PBXFileReference; lastKnownFileType = sourcecode.swift; path = RemoteInputMapper.swift; sourceTree = "<group>"; };
		3A1020182C00000100000001 /* HIDMITokenStore.swift */ = {isa = PBXFileReference; lastKnownFileType = sourcecode.swift; path = HIDMITokenStore.swift; sourceTree = "<group>"; };
		3A1020192C00000100000001 /* HIDMIUITestSupport.swift */ = {isa = PBXFileReference; lastKnownFileType = sourcecode.swift; path = HIDMIUITestSupport.swift; sourceTree = "<group>"; };
		3A1020202C00000100000001 /* HIDInputMenuController.swift */ = {isa = PBXFileReference; lastKnownFileType = sourcecode.swift; path = HIDInputMenuController.swift; sourceTree = "<group>"; };
		3A1020222C00000100000001 /* PreviewSizing.swift */ = {isa = PBXFileReference; lastKnownFileType = sourcecode.swift; path = PreviewSizing.swift; sourceTree = "<group>"; };
		3A1020232C00000100000001 /* ViewMenuController.swift */ = {isa = PBXFileReference; lastKnownFileType = sourcecode.swift; path = ViewMenuController.swift; sourceTree = "<group>"; };
		3A1020242C00000100000001 /* enum_ack_result.pb.swift */ = {isa = PBXFileReference; lastKnownFileType = sourcecode.swift; path = enum_ack_result.pb.swift; sourceTree = "<group>"; };
		3A1020252C00000100000001 /* enum_channel_id.pb.swift */ = {isa = PBXFileReference; lastKnownFileType = sourcecode.swift; path = enum_channel_id.pb.swift; sourceTree = "<group>"; };
		3A1020262C00000100000001 /* enum_error_severity.pb.swift */ = {isa = PBXFileReference; lastKnownFileType = sourcecode.swift; path = enum_error_severity.pb.swift; sourceTree = "<group>"; };
		3A1020272C00000100000001 /* enum_goodbye_reason.pb.swift */ = {isa = PBXFileReference; lastKnownFileType = sourcecode.swift; path = enum_goodbye_reason.pb.swift; sourceTree = "<group>"; };
		3A10203C2C00000100000001 /* enum_hid_status.pb.swift */ = {isa = PBXFileReference; lastKnownFileType = sourcecode.swift; path = enum_hid_status.pb.swift; sourceTree = "<group>"; };
		3A1020282C00000100000001 /* enum_interface_type.pb.swift */ = {isa = PBXFileReference; lastKnownFileType = sourcecode.swift; path = enum_interface_type.pb.swift; sourceTree = "<group>"; };
		3A1020292C00000100000001 /* enum_keyboard_special_id.pb.swift */ = {isa = PBXFileReference; lastKnownFileType = sourcecode.swift; path = enum_keyboard_special_id.pb.swift; sourceTree = "<group>"; };
		3A10202A2C00000100000001 /* enum_offer_reject_reason.pb.swift */ = {isa = PBXFileReference; lastKnownFileType = sourcecode.swift; path = enum_offer_reject_reason.pb.swift; sourceTree = "<group>"; };
		3A10202B2C00000100000001 /* msg_ack.pb.swift */ = {isa = PBXFileReference; lastKnownFileType = sourcecode.swift; path = msg_ack.pb.swift; sourceTree = "<group>"; };
		3A10202C2C00000100000001 /* msg_channel_open.pb.swift */ = {isa = PBXFileReference; lastKnownFileType = sourcecode.swift; path = msg_channel_open.pb.swift; sourceTree = "<group>"; };
		3A10202D2C00000100000001 /* msg_channel_ready.pb.swift */ = {isa = PBXFileReference; lastKnownFileType = sourcecode.swift; path = msg_channel_ready.pb.swift; sourceTree = "<group>"; };
		3A10202E2C00000100000001 /* msg_discover.pb.swift */ = {isa = PBXFileReference; lastKnownFileType = sourcecode.swift; path = msg_discover.pb.swift; sourceTree = "<group>"; };
		3A10202F2C00000100000001 /* msg_error.pb.swift */ = {isa = PBXFileReference; lastKnownFileType = sourcecode.swift; path = msg_error.pb.swift; sourceTree = "<group>"; };
		3A1020302C00000100000001 /* msg_goodbye.pb.swift */ = {isa = PBXFileReference; lastKnownFileType = sourcecode.swift; path = msg_goodbye.pb.swift; sourceTree = "<group>"; };
		3A1020312C00000100000001 /* msg_goodbye_ack.pb.swift */ = {isa = PBXFileReference; lastKnownFileType = sourcecode.swift; path = msg_goodbye_ack.pb.swift; sourceTree = "<group>"; };
		3A1020322C00000100000001 /* msg_heartbeat.pb.swift */ = {isa = PBXFileReference; lastKnownFileType = sourcecode.swift; path = msg_heartbeat.pb.swift; sourceTree = "<group>"; };
		3A1020332C00000100000001 /* msg_heartbeat_ack.pb.swift */ = {isa = PBXFileReference; lastKnownFileType = sourcecode.swift; path = msg_heartbeat_ack.pb.swift; sourceTree = "<group>"; };
		3A1020342C00000100000001 /* msg_keyboard_special.pb.swift */ = {isa = PBXFileReference; lastKnownFileType = sourcecode.swift; path = msg_keyboard_special.pb.swift; sourceTree = "<group>"; };
		3A1020352C00000100000001 /* msg_keyboard_state.pb.swift */ = {isa = PBXFileReference; lastKnownFileType = sourcecode.swift; path = msg_keyboard_state.pb.swift; sourceTree = "<group>"; };
		3A1020362C00000100000001 /* msg_mouse_state.pb.swift */ = {isa = PBXFileReference; lastKnownFileType = sourcecode.swift; path = msg_mouse_state.pb.swift; sourceTree = "<group>"; };
		3A1020372C00000100000001 /* msg_offer.pb.swift */ = {isa = PBXFileReference; lastKnownFileType = sourcecode.swift; path = msg_offer.pb.swift; sourceTree = "<group>"; };
		3A1020382C00000100000001 /* msg_offer_callback.pb.swift */ = {isa = PBXFileReference; lastKnownFileType = sourcecode.swift; path = msg_offer_callback.pb.swift; sourceTree = "<group>"; };
		3A1020392C00000100000001 /* msg_release_all.pb.swift */ = {isa = PBXFileReference; lastKnownFileType = sourcecode.swift; path = msg_release_all.pb.swift; sourceTree = "<group>"; };
		3A10203A2C00000100000001 /* msg_tcp_frame.pb.swift */ = {isa = PBXFileReference; lastKnownFileType = sourcecode.swift; path = msg_tcp_frame.pb.swift; sourceTree = "<group>"; };
		3A10203B2C00000100000001 /* msg_udp_packet.pb.swift */ = {isa = PBXFileReference; lastKnownFileType = sourcecode.swift; path = msg_udp_packet.pb.swift; sourceTree = "<group>"; };
		3A1021002C00000100000001 /* HIDMIControllerTests.swift */ = {isa = PBXFileReference; lastKnownFileType = sourcecode.swift; path = HIDMIControllerTests.swift; sourceTree = "<group>"; };
		3A1021012C00000100000001 /* HIDMITests.xctest */ = {isa = PBXFileReference; explicitFileType = wrapper.cfbundle; includeInIndex = 0; path = HIDMITests.xctest; sourceTree = BUILT_PRODUCTS_DIR; };
/* End PBXFileReference section */

/* Begin PBXFrameworksBuildPhase section */
		3A1030012C00000100000001 /* Frameworks */ = {
			isa = PBXFrameworksBuildPhase;
			buildActionMask = 2147483647;
			files = (
				3A1010142C00000100000001 /* SwiftProtobuf in Frameworks */,
			);
			runOnlyForDeploymentPostprocessing = 0;
		};
		3A1031002C00000100000001 /* Frameworks */ = {
			isa = PBXFrameworksBuildPhase;
			buildActionMask = 2147483647;
			files = (
			);
			runOnlyForDeploymentPostprocessing = 0;
		};
/* End PBXFrameworksBuildPhase section */

/* Begin PBXGroup section */
		3A1040012C00000100000001 = {
			isa = PBXGroup;
			children = (
				3A1040022C00000100000001 /* HIDMI */,
				3A1041002C00000100000001 /* HIDMITests */,
				3A1040032C00000100000001 /* Products */,
			);
			sourceTree = "<group>";
		};
		3A1040022C00000100000001 /* HIDMI */ = {
			isa = PBXGroup;
			children = (
				3A1020012C00000100000001 /* HIDMIApp.swift */,
				3A1020022C00000100000001 /* ContentView.swift */,
				3A1020032C00000100000001 /* AppModel.swift */,
				3A1020042C00000100000001 /* CaptureDeviceStore.swift */,
				3A1020052C00000100000001 /* CaptureSessionController.swift */,
				3A1020062C00000100000001 /* VideoPreviewView.swift */,
				3A1020072C00000100000001 /* WindowController.swift */,
				3A1020222C00000100000001 /* PreviewSizing.swift */,
				3A1020152C00000100000001 /* HIDMIClient.swift */,
				3A1020162C00000100000001 /* HIDMIController.swift */,
				3A1020202C00000100000001 /* HIDInputMenuController.swift */,
				3A1020232C00000100000001 /* ViewMenuController.swift */,
				3A1020182C00000100000001 /* HIDMITokenStore.swift */,
				3A1020192C00000100000001 /* HIDMIUITestSupport.swift */,
				3A1020172C00000100000001 /* RemoteInputMapper.swift */,
				3A1040062C00000100000001 /* Generated */,
				3A1020082C00000100000001 /* Info.plist */,
				3A1020092C00000100000001 /* HIDMI.entitlements */,
				3A1040042C00000100000001 /* Localizable.strings */,
				3A1040052C00000100000001 /* InfoPlist.strings */,
			);
			path = HIDMI;
			sourceTree = "<group>";
		};
		3A1040062C00000100000001 /* Generated */ = {
			isa = PBXGroup;
			children = (
				3A1020242C00000100000001 /* enum_ack_result.pb.swift */,
				3A1020252C00000100000001 /* enum_channel_id.pb.swift */,
				3A1020262C00000100000001 /* enum_error_severity.pb.swift */,
				3A1020272C00000100000001 /* enum_goodbye_reason.pb.swift */,
				3A10203C2C00000100000001 /* enum_hid_status.pb.swift */,
				3A1020282C00000100000001 /* enum_interface_type.pb.swift */,
				3A1020292C00000100000001 /* enum_keyboard_special_id.pb.swift */,
				3A10202A2C00000100000001 /* enum_offer_reject_reason.pb.swift */,
				3A10202B2C00000100000001 /* msg_ack.pb.swift */,
				3A10202C2C00000100000001 /* msg_channel_open.pb.swift */,
				3A10202D2C00000100000001 /* msg_channel_ready.pb.swift */,
				3A10202E2C00000100000001 /* msg_discover.pb.swift */,
				3A10202F2C00000100000001 /* msg_error.pb.swift */,
				3A1020302C00000100000001 /* msg_goodbye.pb.swift */,
				3A1020312C00000100000001 /* msg_goodbye_ack.pb.swift */,
				3A1020322C00000100000001 /* msg_heartbeat.pb.swift */,
				3A1020332C00000100000001 /* msg_heartbeat_ack.pb.swift */,
				3A1020342C00000100000001 /* msg_keyboard_special.pb.swift */,
				3A1020352C00000100000001 /* msg_keyboard_state.pb.swift */,
				3A1020362C00000100000001 /* msg_mouse_state.pb.swift */,
				3A1020372C00000100000001 /* msg_offer.pb.swift */,
				3A1020382C00000100000001 /* msg_offer_callback.pb.swift */,
				3A1020392C00000100000001 /* msg_release_all.pb.swift */,
				3A10203A2C00000100000001 /* msg_tcp_frame.pb.swift */,
				3A10203B2C00000100000001 /* msg_udp_packet.pb.swift */,
			);
			path = Generated;
			sourceTree = "<group>";
		};
		3A1040032C00000100000001 /* Products */ = {
			isa = PBXGroup;
			children = (
				3A1020102C00000100000001 /* HIDMI.app */,
				3A1021012C00000100000001 /* HIDMITests.xctest */,
			);
			name = Products;
			sourceTree = "<group>";
		};
		3A1041002C00000100000001 /* HIDMITests */ = {
			isa = PBXGroup;
			children = (
				3A1021002C00000100000001 /* HIDMIControllerTests.swift */,
			);
			path = HIDMITests;
			sourceTree = "<group>";
		};
/* End PBXGroup section */

/* Begin PBXNativeTarget section */
		3A1050012C00000100000001 /* HIDMI */ = {
			isa = PBXNativeTarget;
			buildConfigurationList = 3A1090022C00000100000001 /* Build configuration list for PBXNativeTarget "HIDMI" */;
			buildPhases = (
				3A1160002C00000100000001 /* Sync Package Resources */,
				3A1060012C00000100000001 /* Sources */,
				3A1030012C00000100000001 /* Frameworks */,
				3A1070012C00000100000001 /* Resources */,
			);
			buildRules = (
			);
			dependencies = (
			);
			name = HIDMI;
			productName = HIDMI;
			productReference = 3A1020102C00000100000001 /* HIDMI.app */;
			productType = "com.apple.product-type.application";
			packageProductDependencies = (
				3A1130012C00000100000001 /* SwiftProtobuf */,
			);
		};
		3A1051002C00000100000001 /* HIDMITests */ = {
			isa = PBXNativeTarget;
			buildConfigurationList = 3A1091002C00000100000001 /* Build configuration list for PBXNativeTarget "HIDMITests" */;
			buildPhases = (
				3A1061002C00000100000001 /* Sources */,
				3A1031002C00000100000001 /* Frameworks */,
				3A1071002C00000100000001 /* Resources */,
			);
			buildRules = (
			);
			dependencies = (
				3A1121002C00000100000001 /* PBXTargetDependency */,
			);
			name = HIDMITests;
			productName = HIDMITests;
			productReference = 3A1021012C00000100000001 /* HIDMITests.xctest */;
			productType = "com.apple.product-type.bundle.unit-test";
		};
/* End PBXNativeTarget section */

/* Begin PBXProject section */
		3A1080012C00000100000001 /* Project object */ = {
			isa = PBXProject;
			attributes = {
				BuildIndependentTargetsInParallel = 1;
				LastSwiftUpdateCheck = 2640;
				LastUpgradeCheck = 2640;
				TargetAttributes = {
					3A1050012C00000100000001 = {
						CreatedOnToolsVersion = 26.4.1;
					};
					3A1051002C00000100000001 = {
						CreatedOnToolsVersion = 26.4.1;
						TestTargetID = 3A1050012C00000100000001;
					};
				};
			};
			buildConfigurationList = 3A1090012C00000100000001 /* Build configuration list for PBXProject "HIDMI" */;
			compatibilityVersion = "Xcode 14.0";
			developmentRegion = en;
			hasScannedForEncodings = 0;
			knownRegions = (
				en,
				Base,
				"zh-Hans",
			);
			mainGroup = 3A1040012C00000100000001;
			packageReferences = (
				3A1130002C00000100000001 /* XCRemoteSwiftPackageReference "swift-protobuf" */,
			);
			productRefGroup = 3A1040032C00000100000001 /* Products */;
			projectDirPath = "";
			projectRoot = "";
			targets = (
				3A1050012C00000100000001 /* HIDMI */,
				3A1051002C00000100000001 /* HIDMITests */,
			);
		};
/* End PBXProject section */

/* Begin PBXResourcesBuildPhase section */
		3A1070012C00000100000001 /* Resources */ = {
			isa = PBXResourcesBuildPhase;
			buildActionMask = 2147483647;
			files = (
				3A1010082C00000100000001 /* Localizable.strings in Resources */,
				3A1010092C00000100000001 /* InfoPlist.strings in Resources */,
			);
			runOnlyForDeploymentPostprocessing = 0;
		};
		3A1071002C00000100000001 /* Resources */ = {
			isa = PBXResourcesBuildPhase;
			buildActionMask = 2147483647;
			files = (
			);
			runOnlyForDeploymentPostprocessing = 0;
		};
/* End PBXResourcesBuildPhase section */

/* Begin PBXShellScriptBuildPhase section */
		3A1160002C00000100000001 /* Sync Package Resources */ = {
			isa = PBXShellScriptBuildPhase;
			alwaysOutOfDate = 1;
			buildActionMask = 2147483647;
			files = (
			);
			inputFileListPaths = (
			);
			inputPaths = (
				"$(BUILD_DIR)/$(CONFIGURATION)/SwiftProtobuf_SwiftProtobuf.bundle",
			);
			name = "Sync Package Resources";
			outputFileListPaths = (
			);
			outputPaths = (
				"$(CONFIGURATION_BUILD_DIR)/SwiftProtobuf_SwiftProtobuf.bundle",
			);
			runOnlyForDeploymentPostprocessing = 0;
			shellPath = /bin/sh;
			shellScript = "set -e\nspm_bundle=\"${BUILD_DIR}/${CONFIGURATION}/SwiftProtobuf_SwiftProtobuf.bundle\"\ncustom_bundle=\"${CONFIGURATION_BUILD_DIR}/SwiftProtobuf_SwiftProtobuf.bundle\"\nif [ -d \"$spm_bundle\" ] && [ \"$spm_bundle\" != \"$custom_bundle\" ]; then\n  rm -rf \"$custom_bundle\"\n  ditto \"$spm_bundle\" \"$custom_bundle\"\nelif [ ! -d \"$custom_bundle\" ]; then\n  mkdir -p \"$custom_bundle/Contents/Resources\"\n  cat > \"$custom_bundle/Contents/Info.plist\" <<'PLIST'\n<?xml version=\"1.0\" encoding=\"UTF-8\"?>\n<!DOCTYPE plist PUBLIC \"-//Apple//DTD PLIST 1.0//EN\" \"http://www.apple.com/DTDs/PropertyList-1.0.dtd\">\n<plist version=\"1.0\"><dict><key>CFBundleIdentifier</key><string>swift-protobuf.SwiftProtobuf</string><key>CFBundlePackageType</key><string>BNDL</string></dict></plist>\nPLIST\nfi\n";
		};
/* End PBXShellScriptBuildPhase section */

/* Begin PBXVariantGroup section */
		3A1040042C00000100000001 /* Localizable.strings */ = {
			isa = PBXVariantGroup;
			children = (
				3A1020112C00000100000001 /* en */,
				3A1020122C00000100000001 /* zh-Hans */,
			);
			name = Localizable.strings;
			sourceTree = "<group>";
		};
		3A1040052C00000100000001 /* InfoPlist.strings */ = {
			isa = PBXVariantGroup;
			children = (
				3A1020132C00000100000001 /* en */,
				3A1020142C00000100000001 /* zh-Hans */,
			);
			name = InfoPlist.strings;
			sourceTree = "<group>";
		};
/* End PBXVariantGroup section */

/* Begin PBXSourcesBuildPhase section */
		3A1060012C00000100000001 /* Sources */ = {
			isa = PBXSourcesBuildPhase;
			buildActionMask = 2147483647;
			files = (
				3A1010012C00000100000001 /* HIDMIApp.swift in Sources */,
				3A1010022C00000100000001 /* ContentView.swift in Sources */,
				3A1010032C00000100000001 /* AppModel.swift in Sources */,
				3A1010042C00000100000001 /* CaptureDeviceStore.swift in Sources */,
				3A1010052C00000100000001 /* CaptureSessionController.swift in Sources */,
				3A1010062C00000100000001 /* VideoPreviewView.swift in Sources */,
				3A1010072C00000100000001 /* WindowController.swift in Sources */,
				3A10100A2C00000100000001 /* HIDMIClient.swift in Sources */,
				3A10100B2C00000100000001 /* HIDMIController.swift in Sources */,
				3A10100F2C00000100000001 /* HIDInputMenuController.swift in Sources */,
				3A1010122C00000100000001 /* ViewMenuController.swift in Sources */,
				3A1010112C00000100000001 /* PreviewSizing.swift in Sources */,
				3A10100D2C00000100000001 /* HIDMITokenStore.swift in Sources */,
				3A10100E2C00000100000001 /* HIDMIUITestSupport.swift in Sources */,
				3A10100C2C00000100000001 /* RemoteInputMapper.swift in Sources */,
				3A1010132C00000100000001 /* enum_ack_result.pb.swift in Sources */,
				3A1010152C00000100000001 /* enum_channel_id.pb.swift in Sources */,
				3A1010162C00000100000001 /* enum_error_severity.pb.swift in Sources */,
				3A1010172C00000100000001 /* enum_goodbye_reason.pb.swift in Sources */,
				3A10102C2C00000100000001 /* enum_hid_status.pb.swift in Sources */,
				3A1010182C00000100000001 /* enum_interface_type.pb.swift in Sources */,
				3A1010192C00000100000001 /* enum_keyboard_special_id.pb.swift in Sources */,
				3A10101A2C00000100000001 /* enum_offer_reject_reason.pb.swift in Sources */,
				3A10101B2C00000100000001 /* msg_ack.pb.swift in Sources */,
				3A10101C2C00000100000001 /* msg_channel_open.pb.swift in Sources */,
				3A10101D2C00000100000001 /* msg_channel_ready.pb.swift in Sources */,
				3A10101E2C00000100000001 /* msg_discover.pb.swift in Sources */,
				3A10101F2C00000100000001 /* msg_error.pb.swift in Sources */,
				3A1010202C00000100000001 /* msg_goodbye.pb.swift in Sources */,
				3A1010212C00000100000001 /* msg_goodbye_ack.pb.swift in Sources */,
				3A1010222C00000100000001 /* msg_heartbeat.pb.swift in Sources */,
				3A1010232C00000100000001 /* msg_heartbeat_ack.pb.swift in Sources */,
				3A1010242C00000100000001 /* msg_keyboard_special.pb.swift in Sources */,
				3A1010252C00000100000001 /* msg_keyboard_state.pb.swift in Sources */,
				3A1010262C00000100000001 /* msg_mouse_state.pb.swift in Sources */,
				3A1010272C00000100000001 /* msg_offer.pb.swift in Sources */,
				3A1010282C00000100000001 /* msg_offer_callback.pb.swift in Sources */,
				3A1010292C00000100000001 /* msg_release_all.pb.swift in Sources */,
				3A10102A2C00000100000001 /* msg_tcp_frame.pb.swift in Sources */,
				3A10102B2C00000100000001 /* msg_udp_packet.pb.swift in Sources */,
			);
			runOnlyForDeploymentPostprocessing = 0;
		};
		3A1061002C00000100000001 /* Sources */ = {
			isa = PBXSourcesBuildPhase;
			buildActionMask = 2147483647;
			files = (
				3A1011002C00000100000001 /* HIDMIControllerTests.swift in Sources */,
			);
			runOnlyForDeploymentPostprocessing = 0;
		};
/* End PBXSourcesBuildPhase section */

/* Begin PBXTargetDependency section */
		3A1121002C00000100000001 /* PBXTargetDependency */ = {
			isa = PBXTargetDependency;
			target = 3A1050012C00000100000001 /* HIDMI */;
			targetProxy = 3A1111002C00000100000001 /* PBXContainerItemProxy */;
		};
/* End PBXTargetDependency section */

/* Begin XCBuildConfiguration section */
		3A1100012C00000100000001 /* Debug */ = {
			isa = XCBuildConfiguration;
			buildSettings = {
				ALWAYS_SEARCH_USER_PATHS = NO;
				CLANG_ANALYZER_NONNULL = YES;
				CLANG_ANALYZER_NUMBER_OBJECT_CONVERSION = YES_AGGRESSIVE;
				CLANG_CXX_LANGUAGE_STANDARD = "gnu++20";
				CLANG_ENABLE_MODULES = YES;
				CLANG_ENABLE_OBJC_ARC = YES;
				CLANG_ENABLE_OBJC_WEAK = YES;
				CLANG_WARN_BLOCK_CAPTURE_AUTORELEASING = YES;
				CLANG_WARN_BOOL_CONVERSION = YES;
				CLANG_WARN_COMMA = YES;
				CLANG_WARN_CONSTANT_CONVERSION = YES;
				CLANG_WARN_DEPRECATED_OBJC_IMPLEMENTATIONS = YES;
				CLANG_WARN_DIRECT_OBJC_ISA_USAGE = YES_ERROR;
				CLANG_WARN_DOCUMENTATION_COMMENTS = YES;
				CLANG_WARN_EMPTY_BODY = YES;
				CLANG_WARN_ENUM_CONVERSION = YES;
				CLANG_WARN_INFINITE_RECURSION = YES;
				CLANG_WARN_INT_CONVERSION = YES;
				CLANG_WARN_NON_LITERAL_NULL_CONVERSION = YES;
				CLANG_WARN_OBJC_IMPLICIT_RETAIN_SELF = YES;
				CLANG_WARN_OBJC_LITERAL_CONVERSION = YES;
				CLANG_WARN_OBJC_ROOT_CLASS = YES_ERROR;
				CLANG_WARN_QUOTED_INCLUDE_IN_FRAMEWORK_HEADER = YES;
				CLANG_WARN_RANGE_LOOP_ANALYSIS = YES;
				CLANG_WARN_STRICT_PROTOTYPES = YES;
				CLANG_WARN_SUSPICIOUS_MOVE = YES;
				CLANG_WARN_UNGUARDED_AVAILABILITY = YES_AGGRESSIVE;
				CLANG_WARN_UNREACHABLE_CODE = YES;
				CLANG_WARN__DUPLICATE_METHOD_MATCH = YES;
				COPY_PHASE_STRIP = NO;
				DEBUG_INFORMATION_FORMAT = dwarf;
				ENABLE_STRICT_OBJC_MSGSEND = YES;
				ENABLE_TESTABILITY = YES;
				ENABLE_USER_SCRIPT_SANDBOXING = NO;
				GCC_C_LANGUAGE_STANDARD = gnu17;
				GCC_DYNAMIC_NO_PIC = NO;
				GCC_NO_COMMON_BLOCKS = YES;
				GCC_OPTIMIZATION_LEVEL = 0;
				GCC_PREPROCESSOR_DEFINITIONS = (
					"DEBUG=1",
					"$(inherited)",
				);
				GCC_WARN_64_TO_32_BIT_CONVERSION = YES;
				GCC_WARN_ABOUT_RETURN_TYPE = YES_ERROR;
				GCC_WARN_UNDECLARED_SELECTOR = YES;
				GCC_WARN_UNINITIALIZED_AUTOS = YES_AGGRESSIVE;
				GCC_WARN_UNUSED_FUNCTION = YES;
				GCC_WARN_UNUSED_VARIABLE = YES;
				MACOSX_DEPLOYMENT_TARGET = 26.0;
				MTL_ENABLE_DEBUG_INFO = INCLUDE_SOURCE;
				MTL_FAST_MATH = YES;
				ONLY_ACTIVE_ARCH = YES;
				SDKROOT = macosx;
				SWIFT_ACTIVE_COMPILATION_CONDITIONS = DEBUG;
				SWIFT_OPTIMIZATION_LEVEL = "-Onone";
				SWIFT_STRICT_CONCURRENCY = minimal;
			};
			name = Debug;
		};
		3A1100022C00000100000001 /* Release */ = {
			isa = XCBuildConfiguration;
			buildSettings = {
				ALWAYS_SEARCH_USER_PATHS = NO;
				CLANG_ANALYZER_NONNULL = YES;
				CLANG_ANALYZER_NUMBER_OBJECT_CONVERSION = YES_AGGRESSIVE;
				CLANG_CXX_LANGUAGE_STANDARD = "gnu++20";
				CLANG_ENABLE_MODULES = YES;
				CLANG_ENABLE_OBJC_ARC = YES;
				CLANG_ENABLE_OBJC_WEAK = YES;
				CLANG_WARN_BLOCK_CAPTURE_AUTORELEASING = YES;
				CLANG_WARN_BOOL_CONVERSION = YES;
				CLANG_WARN_COMMA = YES;
				CLANG_WARN_CONSTANT_CONVERSION = YES;
				CLANG_WARN_DEPRECATED_OBJC_IMPLEMENTATIONS = YES;
				CLANG_WARN_DIRECT_OBJC_ISA_USAGE = YES_ERROR;
				CLANG_WARN_DOCUMENTATION_COMMENTS = YES;
				CLANG_WARN_EMPTY_BODY = YES;
				CLANG_WARN_ENUM_CONVERSION = YES;
				CLANG_WARN_INFINITE_RECURSION = YES;
				CLANG_WARN_INT_CONVERSION = YES;
				CLANG_WARN_NON_LITERAL_NULL_CONVERSION = YES;
				CLANG_WARN_OBJC_IMPLICIT_RETAIN_SELF = YES;
				CLANG_WARN_OBJC_LITERAL_CONVERSION = YES;
				CLANG_WARN_OBJC_ROOT_CLASS = YES_ERROR;
				CLANG_WARN_QUOTED_INCLUDE_IN_FRAMEWORK_HEADER = YES;
				CLANG_WARN_RANGE_LOOP_ANALYSIS = YES;
				CLANG_WARN_STRICT_PROTOTYPES = YES;
				CLANG_WARN_SUSPICIOUS_MOVE = YES;
				CLANG_WARN_UNGUARDED_AVAILABILITY = YES_AGGRESSIVE;
				CLANG_WARN_UNREACHABLE_CODE = YES;
				CLANG_WARN__DUPLICATE_METHOD_MATCH = YES;
				COPY_PHASE_STRIP = NO;
				DEBUG_INFORMATION_FORMAT = "dwarf-with-dsym";
				ENABLE_NS_ASSERTIONS = NO;
				ENABLE_STRICT_OBJC_MSGSEND = YES;
				ENABLE_USER_SCRIPT_SANDBOXING = NO;
				GCC_C_LANGUAGE_STANDARD = gnu17;
				GCC_NO_COMMON_BLOCKS = YES;
				GCC_WARN_64_TO_32_BIT_CONVERSION = YES;
				GCC_WARN_ABOUT_RETURN_TYPE = YES_ERROR;
				GCC_WARN_UNDECLARED_SELECTOR = YES;
				GCC_WARN_UNINITIALIZED_AUTOS = YES_AGGRESSIVE;
				GCC_WARN_UNUSED_FUNCTION = YES;
				GCC_WARN_UNUSED_VARIABLE = YES;
				MACOSX_DEPLOYMENT_TARGET = 26.0;
				MTL_ENABLE_DEBUG_INFO = NO;
				MTL_FAST_MATH = YES;
				SDKROOT = macosx;
				SWIFT_COMPILATION_MODE = wholemodule;
				SWIFT_OPTIMIZATION_LEVEL = "-O";
				SWIFT_STRICT_CONCURRENCY = minimal;
			};
			name = Release;
		};
		3A1100032C00000100000001 /* Debug */ = {
			isa = XCBuildConfiguration;
			buildSettings = {
				ASSETCATALOG_COMPILER_GENERATE_SWIFT_ASSET_SYMBOL_EXTENSIONS = YES;
				APP_DISPLAY_NAME = "HIDMI Debug";
				CODE_SIGN_ENTITLEMENTS = HIDMI/HIDMI.entitlements;
				CODE_SIGN_IDENTITY = "-";
				CODE_SIGN_STYLE = Manual;
				COMBINE_HIDPI_IMAGES = YES;
				CONFIGURATION_BUILD_DIR = "$(PROJECT_DIR)/../../build/macos/$(CONFIGURATION)";
				CURRENT_PROJECT_VERSION = 1;
				ENABLE_DEBUG_DYLIB = NO;
				ENABLE_HARDENED_RUNTIME = YES;
				ENABLE_USER_SCRIPT_SANDBOXING = NO;
				FRAMEWORK_SEARCH_PATHS = (
					"$(inherited)",
					"$(BUILD_DIR)/$(CONFIGURATION)",
				);
				GENERATE_INFOPLIST_FILE = NO;
				INFOPLIST_FILE = HIDMI/Info.plist;
				LD_RUNPATH_SEARCH_PATHS = (
					"$(inherited)",
					"@executable_path/../Frameworks",
				);
				LIBRARY_SEARCH_PATHS = (
					"$(inherited)",
					"$(BUILD_DIR)/$(CONFIGURATION)",
				);
				MACOSX_DEPLOYMENT_TARGET = 26.0;
				MARKETING_VERSION = 1.0;
				PRODUCT_BUNDLE_IDENTIFIER = "io.github.zhao-zirui.hidmi.debug";
				PRODUCT_NAME = "$(TARGET_NAME)";
				SDKROOT = macosx;
				SUPPORTED_PLATFORMS = macosx;
				SWIFT_EMIT_LOC_STRINGS = YES;
				SWIFT_INCLUDE_PATHS = (
					"$(inherited)",
					"$(BUILD_DIR)/$(CONFIGURATION)",
				);
				SWIFT_VERSION = 6.0;
			};
			name = Debug;
		};
		3A1100042C00000100000001 /* Release */ = {
			isa = XCBuildConfiguration;
			buildSettings = {
				ASSETCATALOG_COMPILER_GENERATE_SWIFT_ASSET_SYMBOL_EXTENSIONS = YES;
				APP_DISPLAY_NAME = HIDMI;
				CODE_SIGN_ENTITLEMENTS = HIDMI/HIDMI.entitlements;
				CODE_SIGN_IDENTITY = "-";
				CODE_SIGN_STYLE = Manual;
				COMBINE_HIDPI_IMAGES = YES;
				CONFIGURATION_BUILD_DIR = "$(PROJECT_DIR)/../../build/macos/$(CONFIGURATION)";
				CURRENT_PROJECT_VERSION = 1;
				ENABLE_DEBUG_DYLIB = NO;
				ENABLE_HARDENED_RUNTIME = YES;
				ENABLE_USER_SCRIPT_SANDBOXING = NO;
				FRAMEWORK_SEARCH_PATHS = (
					"$(inherited)",
					"$(BUILD_DIR)/$(CONFIGURATION)",
				);
				GENERATE_INFOPLIST_FILE = NO;
				INFOPLIST_FILE = HIDMI/Info.plist;
				LD_RUNPATH_SEARCH_PATHS = (
					"$(inherited)",
					"@executable_path/../Frameworks",
				);
				LIBRARY_SEARCH_PATHS = (
					"$(inherited)",
					"$(BUILD_DIR)/$(CONFIGURATION)",
				);
				MACOSX_DEPLOYMENT_TARGET = 26.0;
				MARKETING_VERSION = 1.0;
				PRODUCT_BUNDLE_IDENTIFIER = "io.github.zhao-zirui.hidmi";
				PRODUCT_NAME = "$(TARGET_NAME)";
				SDKROOT = macosx;
				SUPPORTED_PLATFORMS = macosx;
				SWIFT_EMIT_LOC_STRINGS = YES;
				SWIFT_INCLUDE_PATHS = (
					"$(inherited)",
					"$(BUILD_DIR)/$(CONFIGURATION)",
				);
				SWIFT_VERSION = 6.0;
			};
			name = Release;
		};
		3A1101002C00000100000001 /* Debug */ = {
			isa = XCBuildConfiguration;
			buildSettings = {
				BUNDLE_LOADER = "$(TEST_HOST)";
				CODE_SIGN_IDENTITY = "-";
				CODE_SIGN_STYLE = Manual;
				COMBINE_HIDPI_IMAGES = YES;
				CONFIGURATION_BUILD_DIR = "$(PROJECT_DIR)/../../build/macos/$(CONFIGURATION)";
				CURRENT_PROJECT_VERSION = 1;
				ENABLE_USER_SCRIPT_SANDBOXING = YES;
				FRAMEWORK_SEARCH_PATHS = (
					"$(inherited)",
					"$(BUILD_DIR)/$(CONFIGURATION)",
				);
				GENERATE_INFOPLIST_FILE = YES;
				LD_RUNPATH_SEARCH_PATHS = (
					"$(inherited)",
					"@executable_path/../Frameworks",
					"@loader_path/../Frameworks",
				);
				LIBRARY_SEARCH_PATHS = (
					"$(inherited)",
					"$(BUILD_DIR)/$(CONFIGURATION)",
				);
				MACOSX_DEPLOYMENT_TARGET = 26.0;
				MARKETING_VERSION = 1.0;
				PRODUCT_BUNDLE_IDENTIFIER = "io.github.zhao-zirui.hidmi.tests";
				PRODUCT_NAME = "$(TARGET_NAME)";
				SDKROOT = macosx;
				SUPPORTED_PLATFORMS = macosx;
				SWIFT_INCLUDE_PATHS = (
					"$(inherited)",
					"$(BUILD_DIR)/$(CONFIGURATION)",
				);
				SWIFT_VERSION = 6.0;
				TEST_HOST = "$(BUILT_PRODUCTS_DIR)/HIDMI.app/Contents/MacOS/HIDMI";
			};
			name = Debug;
		};
		3A1101012C00000100000001 /* Release */ = {
			isa = XCBuildConfiguration;
			buildSettings = {
				BUNDLE_LOADER = "$(TEST_HOST)";
				CODE_SIGN_IDENTITY = "-";
				CODE_SIGN_STYLE = Manual;
				COMBINE_HIDPI_IMAGES = YES;
				CONFIGURATION_BUILD_DIR = "$(PROJECT_DIR)/../../build/macos/$(CONFIGURATION)";
				CURRENT_PROJECT_VERSION = 1;
				ENABLE_USER_SCRIPT_SANDBOXING = YES;
				FRAMEWORK_SEARCH_PATHS = (
					"$(inherited)",
					"$(BUILD_DIR)/$(CONFIGURATION)",
				);
				GENERATE_INFOPLIST_FILE = YES;
				LD_RUNPATH_SEARCH_PATHS = (
					"$(inherited)",
					"@executable_path/../Frameworks",
					"@loader_path/../Frameworks",
				);
				LIBRARY_SEARCH_PATHS = (
					"$(inherited)",
					"$(BUILD_DIR)/$(CONFIGURATION)",
				);
				MACOSX_DEPLOYMENT_TARGET = 26.0;
				MARKETING_VERSION = 1.0;
				PRODUCT_BUNDLE_IDENTIFIER = "io.github.zhao-zirui.hidmi.tests";
				PRODUCT_NAME = "$(TARGET_NAME)";
				SDKROOT = macosx;
				SUPPORTED_PLATFORMS = macosx;
				SWIFT_INCLUDE_PATHS = (
					"$(inherited)",
					"$(BUILD_DIR)/$(CONFIGURATION)",
				);
				SWIFT_VERSION = 6.0;
				TEST_HOST = "$(BUILT_PRODUCTS_DIR)/HIDMI.app/Contents/MacOS/HIDMI";
			};
			name = Release;
		};
/* End XCBuildConfiguration section */

/* Begin XCConfigurationList section */
		3A1090012C00000100000001 /* Build configuration list for PBXProject "HIDMI" */ = {
			isa = XCConfigurationList;
			buildConfigurations = (
				3A1100012C00000100000001 /* Debug */,
				3A1100022C00000100000001 /* Release */,
			);
			defaultConfigurationIsVisible = 0;
			defaultConfigurationName = Release;
		};
		3A1090022C00000100000001 /* Build configuration list for PBXNativeTarget "HIDMI" */ = {
			isa = XCConfigurationList;
			buildConfigurations = (
				3A1100032C00000100000001 /* Debug */,
				3A1100042C00000100000001 /* Release */,
			);
			defaultConfigurationIsVisible = 0;
			defaultConfigurationName = Release;
		};
		3A1091002C00000100000001 /* Build configuration list for PBXNativeTarget "HIDMITests" */ = {
			isa = XCConfigurationList;
			buildConfigurations = (
				3A1101002C00000100000001 /* Debug */,
				3A1101012C00000100000001 /* Release */,
			);
			defaultConfigurationIsVisible = 0;
			defaultConfigurationName = Release;
		};
/* End XCConfigurationList section */

/* Begin XCRemoteSwiftPackageReference section */
		3A1130002C00000100000001 /* XCRemoteSwiftPackageReference "swift-protobuf" */ = {
			isa = XCRemoteSwiftPackageReference;
			repositoryURL = "https://github.com/apple/swift-protobuf.git";
			requirement = {
				kind = upToNextMajorVersion;
				minimumVersion = 1.37.0;
			};
		};
/* End XCRemoteSwiftPackageReference section */

/* Begin XCSwiftPackageProductDependency section */
		3A1130012C00000100000001 /* SwiftProtobuf */ = {
			isa = XCSwiftPackageProductDependency;
			package = 3A1130002C00000100000001 /* XCRemoteSwiftPackageReference "swift-protobuf" */;
			productName = SwiftProtobuf;
		};
/* End XCSwiftPackageProductDependency section */
	};
	rootObject = 3A1080012C00000100000001 /* Project object */;
}
